
Microsoft Visual Studio Solution File, Format Version 12.00
# Visual Studio Version 17
VisualStudioVersion = 17.9.34616.47
MinimumVisualStudioVersion = 10.0.40219.1
Project("{FAE04EC0-301F-11D3-BF4B-00C04F79EFBC}") = "WindowsFormsApp1", "WindowsFormsApp1\WindowsFormsApp1.csproj", "{7ED98094-62D2-4725-91D2-F973794E3F8E}"
EndProject
Global
	GlobalSection(SolutionConfigurationPlatforms) = preSolution
		Debug|Any CPU = Debug|Any CPU
		Release|Any CPU = Release|Any CPU
	EndGlobalSection
	GlobalSection(ProjectConfigurationPlatforms) = postSolution
		{7ED98094-62D2-4725-91D2-F973794E3F8E}.Debug|Any CPU.ActiveCfg = Debug|Any CPU
		{7ED98094-62D2-4725-91D2-F973794E3F8E}.Debug|Any CPU.Build.0 = Debug|Any CPU
		{7ED98094-62D2-4725-91D2-F973794E3F8E}.Release|Any CPU.ActiveCfg = Release|Any CPU
		{7ED98094-62D2-4725-91D2-F973794E3F8E}.Release|Any CPU.Build.0 = Release|Any CPU
	EndGlobalSection
	GlobalSection(SolutionProperties) = preSolution
		HideSolutionNode = FALSE
	EndGlobalSection
	GlobalSection(ExtensibilityGlobals) = postSolution
		SolutionGuid = {12F4F86F-6EE0-4D0E-8A97-8A6CA997A168}
	EndGlobalSection
EndGlobal
